lockfileVersion: '9.0'

settings:
  autoInstallPeers: true
  excludeLinksFromLockfile: false

importers:

  .:
    dependencies:
      framer-motion:
        specifier: ^12.36.0
        version: 12.36.0

packages:

  framer-motion@12.36.0:
    resolution: {integrity: sha512-4PqYHAT7gev0ke0wos+PyrcFxI0HScjm3asgU8nSYa8YzJFuwgIvdj3/s3ZaxLq0bUSboIn19A2WS/MHwLCvfw==}
    peerDependencies:
      '@emotion/is-prop-valid': '*'
      react: ^18.0.0 || ^19.0.0
      react-dom: ^18.0.0 || ^19.0.0
    peerDependenciesMeta:
      '@emotion/is-prop-valid':
        optional: true
      react:
        optional: true
      react-dom:
        optional: true

  motion-dom@12.36.0:
    resolution: {integrity: sha512-Ep1pq8P88rGJ75om8lTCA13zqd7ywPGwCqwuWwin6BKc0hMLkVfcS6qKlRqEo2+t0DwoUcgGJfXwaiFn4AOcQA==}

  motion-utils@12.36.0:
    resolution: {integrity: sha512-eHWisygbiwVvf6PZ1vhaHCLamvkSbPIeAYxWUuL3a2PD/TROgE7FvfHWTIH4vMl798QLfMw15nRqIaRDXTlYRg==}

  tslib@2.8.1:
    resolution: {integrity: sha512-oJFu94HQb+KVduSUQL7wnpmqnfmLsOA/nAh6b6EH0wCEoK0/mPeXU6c3wKDV83MkOuHPRHtSXKKU99IBazS/2w==}

snapshots:

  framer-motion@12.36.0:
    dependencies:
      motion-dom: 12.36.0
      motion-utils: 12.36.0
      tslib: 2.8.1

  motion-dom@12.36.0:
    dependencies:
      motion-utils: 12.36.0

  motion-utils@12.36.0: {}

  tslib@2.8.1: {}
